{
  "nodes": {
    "flake-utils": {
      "inputs": {
        "systems": "systems"
      },
      "locked": {
        "lastModified": 1731533236,
        "narHash": "sha256-l0KFg5HjrsfsO/JpG+r7fRrqm12kzFHyUHqHCVpMMbI=",
        "owner": "numtide",
        "repo": "flake-utils",
        "rev": "11707dc2f618dd54ca8739b309ec4fc024de578b",
        "type": "github"
      },
      "original": {
        "owner": "numtide",
        "repo": "flake-utils",
        "type": "github"
      }
    },
    "nixpkgs": {
      "locked": {
        "lastModified": 1780365719,
        "narHash": "sha256-QfWfccTN+70ZQ4m2qlU9PiKfz2Yppq94058iJyARNwc=",
        "owner": "NixOS",
        "repo": "nixpkgs",
        "rev": "ffa10e26ae11d676b2db836259889f1f571cb14f",
        "type": "github"
      },
      "original": {
        "owner": "NixOS",
        "ref": "nixpkgs-unstable",
        "repo": "nixpkgs",
        "type": "github"
      }
    },
    "nixpkgs_2": {
      "locked": {
        "lastModified": 1780540212,
        "narHash": "sha256-hqlJBt1MTYZ7LSm20DPb5ZVqYp6PGaXDmZWPBOXRF6A=",
        "owner": "nixos",
        "repo": "nixpkgs",
        "rev": "a03c17048bf84b1faaef309607168810bb9acb07",
        "type": "github"
      },
      "original": {
        "owner": "nixos",
        "repo": "nixpkgs",
        "type": "github"
      }
    },
    "root": {
      "inputs": {
        "nixpkgs": "nixpkgs",
        "zig2nix": "zig2nix"
      }
    },
    "systems": {
      "locked": {
        "lastModified": 1681028828,
        "narHash": "sha256-Vy1rq5AaRuLzOxct8nz4T6wlgyUR7zLU309k9mBC768=",
        "owner": "nix-systems",
        "repo": "default",
        "rev": "da67096a3b9bf56a91d16901293e51ba5b49a27e",
        "type": "github"
      },
      "original": {
        "owner": "nix-systems",
        "repo": "default",
        "type": "github"
      }
    },
    "zig2nix": {
      "inputs": {
        "flake-utils": "flake-utils",
        "nixpkgs": "nixpkgs_2"
      },
      "locked": {
        "lastModified": 1780460820,
        "narHash": "sha256-1VrSHtqG+Mu9i7nerwfNlOSgHT1sCOx/Kx9Y1xeMHQw=",
        "rev": "aff77c36c42dc84f81c2b48d6ac4a0457099e426",
        "revCount": 992,
        "type": "tarball",
        "url": "https://api.flakehub.com/f/pinned/Cloudef/zig2nix/0.1.992%2Brev-aff77c36c42dc84f81c2b48d6ac4a0457099e426/019e90dd-0e0a-7463-97b3-eaa1b86f8c0c/source.tar.gz"
      },
      "original": {
        "type": "tarball",
        "url": "https://flakehub.com/f/Cloudef/zig2nix/0.1.990.tar.gz"
      }
    }
  },
  "root": "root",
  "version": 7
}
