{
  "nodes": {
    "flake-utils": {
      "inputs": {
        "systems": "systems"
      },
      "locked": {
        "lastModified": 1731533236,
        "narHash": "sha256-l0KFg5HjrsfsO/JpG+r7fRrqm12kzFHyUHqHCVpMMbI=",
        "owner": "numtide",
        "repo": "flake-utils",
        "rev": "11707dc2f618dd54ca8739b309ec4fc024de578b",
        "type": "github"
      },
      "original": {
        "owner": "numtide",
        "repo": "flake-utils",
        "type": "github"
      }
    },
    "nixpkgs": {
      "locked": {
        "lastModified": 1784356753,
        "narHash": "sha256-12KrbMiWLcf8m7pCvAtZh1ZrgF85ZXDXvfR/fWTKy84=",
        "rev": "61b7c44c4073f0b827768aff0049561b5110ea5a",
        "revCount": 1036777,
        "type": "tarball",
        "url": "https://api.flakehub.com/f/pinned/NixOS/nixpkgs/0.1.1036777%2Brev-61b7c44c4073f0b827768aff0049561b5110ea5a/019f755f-4937-7ed1-93d6-e2d5a2d3cca7/source.tar.gz"
      },
      "original": {
        "type": "tarball",
        "url": "https://flakehub.com/f/NixOS/nixpkgs/0.1.%2A.tar.gz"
      }
    },
    "nixpkgs_2": {
      "locked": {
        "lastModified": 1783476344,
        "narHash": "sha256-+gX8sBedQ3JSvFQ7CIV67+FyB/OlHb9HSoQDl/kM064=",
        "owner": "nixos",
        "repo": "nixpkgs",
        "rev": "e920408605a19fda9b4e96e308b4d3f6592b32f6",
        "type": "github"
      },
      "original": {
        "owner": "nixos",
        "repo": "nixpkgs",
        "type": "github"
      }
    },
    "root": {
      "inputs": {
        "nixpkgs": "nixpkgs",
        "zig2nix": "zig2nix"
      }
    },
    "systems": {
      "locked": {
        "lastModified": 1681028828,
        "narHash": "sha256-Vy1rq5AaRuLzOxct8nz4T6wlgyUR7zLU309k9mBC768=",
        "owner": "nix-systems",
        "repo": "default",
        "rev": "da67096a3b9bf56a91d16901293e51ba5b49a27e",
        "type": "github"
      },
      "original": {
        "owner": "nix-systems",
        "repo": "default",
        "type": "github"
      }
    },
    "zig2nix": {
      "inputs": {
        "flake-utils": "flake-utils",
        "nixpkgs": "nixpkgs_2"
      },
      "locked": {
        "lastModified": 1783395912,
        "narHash": "sha256-khY1LUzeLm7QETVGsG+hRPkgjrHWSuXTMjKMJ1LcbPg=",
        "rev": "db4696c32577d9d5213112d10a5762124f4a7fed",
        "revCount": 1026,
        "type": "tarball",
        "url": "https://api.flakehub.com/f/pinned/Cloudef/zig2nix/0.1.1026%2Brev-db4696c32577d9d5213112d10a5762124f4a7fed/019f3fab-6e97-7521-8429-90a92b6107f3/source.tar.gz"
      },
      "original": {
        "type": "tarball",
        "url": "https://flakehub.com/f/Cloudef/zig2nix/0.1.%2A.tar.gz"
      }
    }
  },
  "root": "root",
  "version": 7
}
