{
  "nodes": {
    "flake-utils": {
      "inputs": {
        "systems": "systems"
      },
      "locked": {
        "lastModified": 1731533236,
        "narHash": "sha256-l0KFg5HjrsfsO/JpG+r7fRrqm12kzFHyUHqHCVpMMbI=",
        "owner": "numtide",
        "repo": "flake-utils",
        "rev": "11707dc2f618dd54ca8739b309ec4fc024de578b",
        "type": "github"
      },
      "original": {
        "owner": "numtide",
        "repo": "flake-utils",
        "type": "github"
      }
    },
    "nixpkgs": {
      "locked": {
        "lastModified": 1773734432,
        "narHash": "sha256-IF5ppUWh6gHGHYDbtVUyhwy/i7D261P7fWD1bPefOsw=",
        "rev": "cda48547b432e8d3b18b4180ba07473762ec8558",
        "revCount": 964459,
        "type": "tarball",
        "url": "https://api.flakehub.com/f/pinned/NixOS/nixpkgs/0.1.964459%2Brev-cda48547b432e8d3b18b4180ba07473762ec8558/019cff27-f088-710d-b729-7d70ce441bc3/source.tar.gz"
      },
      "original": {
        "type": "tarball",
        "url": "https://flakehub.com/f/NixOS/nixpkgs/0.1.964459.tar.gz"
      }
    },
    "nixpkgs_2": {
      "locked": {
        "lastModified": 1773713078,
        "narHash": "sha256-aeR1c0R3VNPoMQD9/yUOpKEihhwj7C7ejemZLJMQbz4=",
        "owner": "nixos",
        "repo": "nixpkgs",
        "rev": "5f7ca9ab52cf303ec12876e19150cb079046fa0b",
        "type": "github"
      },
      "original": {
        "owner": "nixos",
        "repo": "nixpkgs",
        "type": "github"
      }
    },
    "root": {
      "inputs": {
        "nixpkgs": "nixpkgs",
        "zig2nix": "zig2nix"
      }
    },
    "systems": {
      "locked": {
        "lastModified": 1681028828,
        "narHash": "sha256-Vy1rq5AaRuLzOxct8nz4T6wlgyUR7zLU309k9mBC768=",
        "owner": "nix-systems",
        "repo": "default",
        "rev": "da67096a3b9bf56a91d16901293e51ba5b49a27e",
        "type": "github"
      },
      "original": {
        "owner": "nix-systems",
        "repo": "default",
        "type": "github"
      }
    },
    "zig2nix": {
      "inputs": {
        "flake-utils": "flake-utils",
        "nixpkgs": "nixpkgs_2"
      },
      "locked": {
        "lastModified": 1773714438,
        "narHash": "sha256-cK8Pjk/7KTvQPfJWsPiMRXGPBX9LzYt9dOnzMMQIN20=",
        "rev": "b10ecd42f3ea25fb1afe1db71a666e3b8fe68ce6",
        "revCount": 885,
        "type": "tarball",
        "url": "https://api.flakehub.com/f/pinned/Cloudef/zig2nix/0.1.885%2Brev-b10ecd42f3ea25fb1afe1db71a666e3b8fe68ce6/019cfec7-0cec-78fd-bc2b-05dc973f9746/source.tar.gz"
      },
      "original": {
        "type": "tarball",
        "url": "https://flakehub.com/f/Cloudef/zig2nix/0.1.885.tar.gz"
      }
    }
  },
  "root": "root",
  "version": 7
}
